
Microsoft Visual Studio Solution File, Format Version 12.00
# Visual Studio 15
VisualStudioVersion = 15.0.28307.572
MinimumVisualStudioVersion = 10.0.40219.1
Project("{FAE04EC0-301F-11D3-BF4B-00C04F79EFBC}") = "appsvcbuildPR", "appsvcbuildPR\appsvcbuildPR.csproj", "{A42629E9-BDE7-46C5-B883-A14A97A25219}"
EndProject
Global
	GlobalSection(SolutionConfigurationPlatforms) = preSolution
		Debug|Any CPU = Debug|Any CPU
		Release|Any CPU = Release|Any CPU
	EndGlobalSection
	GlobalSection(ProjectConfigurationPlatforms) = postSolution
		{A42629E9-BDE7-46C5-B883-A14A97A25219}.Debug|Any CPU.ActiveCfg = Debug|Any CPU
		{A42629E9-BDE7-46C5-B883-A14A97A25219}.Debug|Any CPU.Build.0 = Debug|Any CPU
		{A42629E9-BDE7-46C5-B883-A14A97A25219}.Release|Any CPU.ActiveCfg = Release|Any CPU
		{A42629E9-BDE7-46C5-B883-A14A97A25219}.Release|Any CPU.Build.0 = Release|Any CPU
	EndGlobalSection
	GlobalSection(SolutionProperties) = preSolution
		HideSolutionNode = FALSE
	EndGlobalSection
	GlobalSection(ExtensibilityGlobals) = postSolution
		SolutionGuid = {7DB91E85-47C7-480D-8E20-22E81F56664A}
	EndGlobalSection
EndGlobal
